
Microsoft Visual Studio Solution File, Format Version 12.00
# Visual Studio Version 17
VisualStudioVersion = 17.11.35312.102
MinimumVisualStudioVersion = 10.0.40219.1
Project("{9A19103F-16F7-4668-BE54-9A1E7A4F7556}") = "tcs.Naming", "tcs.Naming.csproj", "{2E28978B-D317-4DB1-908D-30E0B64E3F63}"
EndProject
Project("{9A19103F-16F7-4668-BE54-9A1E7A4F7556}") = "tcs.Naming.Test", "..\tcs.Naming.Test\tcs.Naming.Test.csproj", "{0FDD4D0E-47A6-4089-BBEF-FFED1FD41AF7}"
EndProject
Global
	GlobalSection(SolutionConfigurationPlatforms) = preSolution
		Debug|Any CPU = Debug|Any CPU
		Release|Any CPU = Release|Any CPU
	EndGlobalSection
	GlobalSection(ProjectConfigurationPlatforms) = postSolution
		{2E28978B-D317-4DB1-908D-30E0B64E3F63}.Debug|Any CPU.ActiveCfg = Debug|Any CPU
		{2E28978B-D317-4DB1-908D-30E0B64E3F63}.Debug|Any CPU.Build.0 = Debug|Any CPU
		{2E28978B-D317-4DB1-908D-30E0B64E3F63}.Release|Any CPU.ActiveCfg = Release|Any CPU
		{2E28978B-D317-4DB1-908D-30E0B64E3F63}.Release|Any CPU.Build.0 = Release|Any CPU
		{0FDD4D0E-47A6-4089-BBEF-FFED1FD41AF7}.Debug|Any CPU.ActiveCfg = Debug|Any CPU
		{0FDD4D0E-47A6-4089-BBEF-FFED1FD41AF7}.Debug|Any CPU.Build.0 = Debug|Any CPU
		{0FDD4D0E-47A6-4089-BBEF-FFED1FD41AF7}.Release|Any CPU.ActiveCfg = Release|Any CPU
		{0FDD4D0E-47A6-4089-BBEF-FFED1FD41AF7}.Release|Any CPU.Build.0 = Release|Any CPU
	EndGlobalSection
	GlobalSection(SolutionProperties) = preSolution
		HideSolutionNode = FALSE
	EndGlobalSection
	GlobalSection(ExtensibilityGlobals) = postSolution
		SolutionGuid = {0D0E8BC8-04E6-4F62-8C19-FC26B7EE9DD4}
	EndGlobalSection
EndGlobal
